
Microsoft Visual Studio Solution File, Format Version 12.00
# Visual Studio Version 17
VisualStudioVersion = 17.14.36414.22 d17.14
MinimumVisualStudioVersion = 10.0.40219.1
Project("{FAE04EC0-301F-11D3-BF4B-00C04F79EFBC}") = "Talleres.View", "Talleres.View\Talleres.View.csproj", "{CE6FE77A-087D-4882-86C6-65908A61FE95}"
EndProject
Project("{FAE04EC0-301F-11D3-BF4B-00C04F79EFBC}") = "Talleres.Model", "Talleres.Model\Talleres.Model.csproj", "{460BD33F-9290-4CE0-8371-EE99519F6D52}"
EndProject
Project("{FAE04EC0-301F-11D3-BF4B-00C04F79EFBC}") = "Talleres.Controller", "Talleres.Controller\Talleres.Controller.csproj", "{874A0E2E-9E66-47BD-9CBF-3016B3D999C9}"
EndProject
Global
	GlobalSection(SolutionConfigurationPlatforms) = preSolution
		Debug|Any CPU = Debug|Any CPU
		Release|Any CPU = Release|Any CPU
	EndGlobalSection
	GlobalSection(ProjectConfigurationPlatforms) = postSolution
		{CE6FE77A-087D-4882-86C6-65908A61FE95}.Debug|Any CPU.ActiveCfg = Debug|Any CPU
		{CE6FE77A-087D-4882-86C6-65908A61FE95}.Debug|Any CPU.Build.0 = Debug|Any CPU
		{CE6FE77A-087D-4882-86C6-65908A61FE95}.Release|Any CPU.ActiveCfg = Release|Any CPU
		{CE6FE77A-087D-4882-86C6-65908A61FE95}.Release|Any CPU.Build.0 = Release|Any CPU
		{460BD33F-9290-4CE0-8371-EE99519F6D52}.Debug|Any CPU.ActiveCfg = Debug|Any CPU
		{460BD33F-9290-4CE0-8371-EE99519F6D52}.Debug|Any CPU.Build.0 = Debug|Any CPU
		{460BD33F-9290-4CE0-8371-EE99519F6D52}.Release|Any CPU.ActiveCfg = Release|Any CPU
		{460BD33F-9290-4CE0-8371-EE99519F6D52}.Release|Any CPU.Build.0 = Release|Any CPU
		{874A0E2E-9E66-47BD-9CBF-3016B3D999C9}.Debug|Any CPU.ActiveCfg = Debug|Any CPU
		{874A0E2E-9E66-47BD-9CBF-3016B3D999C9}.Debug|Any CPU.Build.0 = Debug|Any CPU
		{874A0E2E-9E66-47BD-9CBF-3016B3D999C9}.Release|Any CPU.ActiveCfg = Release|Any CPU
		{874A0E2E-9E66-47BD-9CBF-3016B3D999C9}.Release|Any CPU.Build.0 = Release|Any CPU
	EndGlobalSection
	GlobalSection(SolutionProperties) = preSolution
		HideSolutionNode = FALSE
	EndGlobalSection
	GlobalSection(ExtensibilityGlobals) = postSolution
		SolutionGuid = {077049F9-B7FC-41C7-AD3A-E6DE731994F1}
	EndGlobalSection
EndGlobal
